
Microsoft Visual Studio Solution File, Format Version 12.00
# Visual Studio Version 16
VisualStudioVersion = 16.0.29613.14
MinimumVisualStudioVersion = 10.0.40219.1
Project("{FAE04EC0-301F-11D3-BF4B-00C04F79EFBC}") = "VierGewinnt.Core", "VierGewinnt.Core\VierGewinnt.Core.csproj", "{84187FE9-3589-4197-A431-88DCAB0503DB}"
EndProject
Project("{FAE04EC0-301F-11D3-BF4B-00C04F79EFBC}") = "VierGewinnt.Core.Tests", "VierGewinnt.Core.Tests\VierGewinnt.Core.Tests.csproj", "{5074886F-9EB9-4105-A11B-3C6104A86E8E}"
EndProject
Project("{FAE04EC0-301F-11D3-BF4B-00C04F79EFBC}") = "VierGewinnt.WpfClient", "VierGewinnt.WpfClient\VierGewinnt.WpfClient.csproj", "{B80712DC-B405-44E4-A551-680B5BA2F757}"
EndProject
Global
	GlobalSection(SolutionConfigurationPlatforms) = preSolution
		Debug|Any CPU = Debug|Any CPU
		Release|Any CPU = Release|Any CPU
	EndGlobalSection
	GlobalSection(ProjectConfigurationPlatforms) = postSolution
		{84187FE9-3589-4197-A431-88DCAB0503DB}.Debug|Any CPU.ActiveCfg = Debug|Any CPU
		{84187FE9-3589-4197-A431-88DCAB0503DB}.Debug|Any CPU.Build.0 = Debug|Any CPU
		{84187FE9-3589-4197-A431-88DCAB0503DB}.Release|Any CPU.ActiveCfg = Release|Any CPU
		{84187FE9-3589-4197-A431-88DCAB0503DB}.Release|Any CPU.Build.0 = Release|Any CPU
		{5074886F-9EB9-4105-A11B-3C6104A86E8E}.Debug|Any CPU.ActiveCfg = Debug|Any CPU
		{5074886F-9EB9-4105-A11B-3C6104A86E8E}.Debug|Any CPU.Build.0 = Debug|Any CPU
		{5074886F-9EB9-4105-A11B-3C6104A86E8E}.Release|Any CPU.ActiveCfg = Release|Any CPU
		{5074886F-9EB9-4105-A11B-3C6104A86E8E}.Release|Any CPU.Build.0 = Release|Any CPU
		{B80712DC-B405-44E4-A551-680B5BA2F757}.Debug|Any CPU.ActiveCfg = Debug|Any CPU
		{B80712DC-B405-44E4-A551-680B5BA2F757}.Debug|Any CPU.Build.0 = Debug|Any CPU
		{B80712DC-B405-44E4-A551-680B5BA2F757}.Release|Any CPU.ActiveCfg = Release|Any CPU
		{B80712DC-B405-44E4-A551-680B5BA2F757}.Release|Any CPU.Build.0 = Release|Any CPU
	EndGlobalSection
	GlobalSection(SolutionProperties) = preSolution
		HideSolutionNode = FALSE
	EndGlobalSection
	GlobalSection(ExtensibilityGlobals) = postSolution
		SolutionGuid = {FACF4D2C-9731-4CFF-8A83-49351A0D0449}
	EndGlobalSection
EndGlobal
